
Microsoft Visual Studio Solution File, Format Version 12.00
# Visual Studio Version 17
VisualStudioVersion = 17.0.32014.148
MinimumVisualStudioVersion = 10.0.40219.1
Project("{FAE04EC0-301F-11D3-BF4B-00C04F79EFBC}") = "EstoqueAPI", "EstoqueAPI\EstoqueAPI.csproj", "{1E6C4650-89D9-467B-88F2-A774FFA3FFC7}"
	ProjectSection(ProjectDependencies) = postProject
		{BE125F33-74F2-4A03-8BC4-2BD065FF33CD} = {BE125F33-74F2-4A03-8BC4-2BD065FF33CD}
		{5203C640-2032-47FE-B0F9-21A1C9433744} = {5203C640-2032-47FE-B0F9-21A1C9433744}
		{DF876BE5-907E-457D-992E-6A44F368310D} = {DF876BE5-907E-457D-992E-6A44F368310D}
		{5025CAF7-1900-45F1-9321-07DBB76F0975} = {5025CAF7-1900-45F1-9321-07DBB76F0975}
	EndProjectSection
EndProject
Project("{2150E333-8FDC-42A3-9474-1A3956D46DE8}") = "Business", "Business", "{6F906B2E-6F15-4753-BDCF-3669D2B19CD8}"
EndProject
Project("{FAE04EC0-301F-11D3-BF4B-00C04F79EFBC}") = "Estoque.BUSINESS", "Estoque.BUSINESS\Estoque.BUSINESS.csproj", "{DF876BE5-907E-457D-992E-6A44F368310D}"
EndProject
Project("{2150E333-8FDC-42A3-9474-1A3956D46DE8}") = "Data", "Data", "{5AFE9A1F-42E0-42FF-81EB-B03C2DE0B28E}"
EndProject
Project("{FAE04EC0-301F-11D3-BF4B-00C04F79EFBC}") = "Estoque.DATA", "Estoque.DATA\Estoque.DATA.csproj", "{BE125F33-74F2-4A03-8BC4-2BD065FF33CD}"
EndProject
Project("{2150E333-8FDC-42A3-9474-1A3956D46DE8}") = "Domain", "Domain", "{912AD1D2-E221-4C0B-A125-15FDA3760191}"
EndProject
Project("{FAE04EC0-301F-11D3-BF4B-00C04F79EFBC}") = "Estoque.DOMAIN", "Estoque.DOMAIN\Estoque.DOMAIN.csproj", "{5025CAF7-1900-45F1-9321-07DBB76F0975}"
EndProject
Project("{2150E333-8FDC-42A3-9474-1A3956D46DE8}") = "Infra", "Infra", "{938AC17A-E31F-42FC-9F48-41C10618C315}"
EndProject
Project("{FAE04EC0-301F-11D3-BF4B-00C04F79EFBC}") = "Estoque.INFRA", "Estoque.INFRA\Estoque.INFRA.csproj", "{E782E430-EEB7-4550-8E12-8912CD7C7F50}"
EndProject
Project("{FAE04EC0-301F-11D3-BF4B-00C04F79EFBC}") = "Estoque.CROSSCUTTING", "Estoque.CROSSCUTTING\Estoque.CROSSCUTTING.csproj", "{5203C640-2032-47FE-B0F9-21A1C9433744}"
EndProject
Global
	GlobalSection(SolutionConfigurationPlatforms) = preSolution
		Debug|Any CPU = Debug|Any CPU
		Release|Any CPU = Release|Any CPU
	EndGlobalSection
	GlobalSection(ProjectConfigurationPlatforms) = postSolution
		{1E6C4650-89D9-467B-88F2-A774FFA3FFC7}.Debug|Any CPU.ActiveCfg = Debug|Any CPU
		{1E6C4650-89D9-467B-88F2-A774FFA3FFC7}.Debug|Any CPU.Build.0 = Debug|Any CPU
		{1E6C4650-89D9-467B-88F2-A774FFA3FFC7}.Release|Any CPU.ActiveCfg = Release|Any CPU
		{1E6C4650-89D9-467B-88F2-A774FFA3FFC7}.Release|Any CPU.Build.0 = Release|Any CPU
		{DF876BE5-907E-457D-992E-6A44F368310D}.Debug|Any CPU.ActiveCfg = Debug|Any CPU
		{DF876BE5-907E-457D-992E-6A44F368310D}.Debug|Any CPU.Build.0 = Debug|Any CPU
		{DF876BE5-907E-457D-992E-6A44F368310D}.Release|Any CPU.ActiveCfg = Release|Any CPU
		{DF876BE5-907E-457D-992E-6A44F368310D}.Release|Any CPU.Build.0 = Release|Any CPU
		{BE125F33-74F2-4A03-8BC4-2BD065FF33CD}.Debug|Any CPU.ActiveCfg = Debug|Any CPU
		{BE125F33-74F2-4A03-8BC4-2BD065FF33CD}.Debug|Any CPU.Build.0 = Debug|Any CPU
		{BE125F33-74F2-4A03-8BC4-2BD065FF33CD}.Release|Any CPU.ActiveCfg = Release|Any CPU
		{BE125F33-74F2-4A03-8BC4-2BD065FF33CD}.Release|Any CPU.Build.0 = Release|Any CPU
		{5025CAF7-1900-45F1-9321-07DBB76F0975}.Debug|Any CPU.ActiveCfg = Debug|Any CPU
		{5025CAF7-1900-45F1-9321-07DBB76F0975}.Debug|Any CPU.Build.0 = Debug|Any CPU
		{5025CAF7-1900-45F1-9321-07DBB76F0975}.Release|Any CPU.ActiveCfg = Release|Any CPU
		{5025CAF7-1900-45F1-9321-07DBB76F0975}.Release|Any CPU.Build.0 = Release|Any CPU
		{E782E430-EEB7-4550-8E12-8912CD7C7F50}.Debug|Any CPU.ActiveCfg = Debug|Any CPU
		{E782E430-EEB7-4550-8E12-8912CD7C7F50}.Debug|Any CPU.Build.0 = Debug|Any CPU
		{E782E430-EEB7-4550-8E12-8912CD7C7F50}.Release|Any CPU.ActiveCfg = Release|Any CPU
		{E782E430-EEB7-4550-8E12-8912CD7C7F50}.Release|Any CPU.Build.0 = Release|Any CPU
		{5203C640-2032-47FE-B0F9-21A1C9433744}.Debug|Any CPU.ActiveCfg = Debug|Any CPU
		{5203C640-2032-47FE-B0F9-21A1C9433744}.Debug|Any CPU.Build.0 = Debug|Any CPU
		{5203C640-2032-47FE-B0F9-21A1C9433744}.Release|Any CPU.ActiveCfg = Release|Any CPU
		{5203C640-2032-47FE-B0F9-21A1C9433744}.Release|Any CPU.Build.0 = Release|Any CPU
	EndGlobalSection
	GlobalSection(SolutionProperties) = preSolution
		HideSolutionNode = FALSE
	EndGlobalSection
	GlobalSection(NestedProjects) = preSolution
		{DF876BE5-907E-457D-992E-6A44F368310D} = {6F906B2E-6F15-4753-BDCF-3669D2B19CD8}
		{BE125F33-74F2-4A03-8BC4-2BD065FF33CD} = {5AFE9A1F-42E0-42FF-81EB-B03C2DE0B28E}
		{5025CAF7-1900-45F1-9321-07DBB76F0975} = {912AD1D2-E221-4C0B-A125-15FDA3760191}
		{E782E430-EEB7-4550-8E12-8912CD7C7F50} = {938AC17A-E31F-42FC-9F48-41C10618C315}
		{5203C640-2032-47FE-B0F9-21A1C9433744} = {938AC17A-E31F-42FC-9F48-41C10618C315}
	EndGlobalSection
	GlobalSection(ExtensibilityGlobals) = postSolution
		SolutionGuid = {3B14AF07-2E06-46FD-8BA8-B8E38F095CAA}
	EndGlobalSection
EndGlobal
